Microsoft Visual Studio Solution File, Format Version 11.00
# Visual Studio 2008

Project("{4E0F9EB6-3622-2900-B194-F271C5E7EF72}") = "FinalGame", "Assembly-CSharp.csproj", "{16DD1D4B-0017-C897-AC70-0D4740C4ACC9}"
EndProject
Global
	GlobalSection(SolutionConfigurationPlatforms) = preSolution
		Debug|Any CPU = Debug|Any CPU
		Release|Any CPU = Release|Any CPU
	EndGlobalSection
	GlobalSection(ProjectConfigurationPlatforms) = postSolution
		{16DD1D4B-0017-C897-AC70-0D4740C4ACC9}.Debug|Any CPU.ActiveCfg = Debug|Any CPU
		{16DD1D4B-0017-C897-AC70-0D4740C4ACC9}.Debug|Any CPU.Build.0 = Debug|Any CPU
		{16DD1D4B-0017-C897-AC70-0D4740C4ACC9}.Release|Any CPU.ActiveCfg = Release|Any CPU
		{16DD1D4B-0017-C897-AC70-0D4740C4ACC9}.Release|Any CPU.Build.0 = Release|Any CPU
	EndGlobalSection
	GlobalSection(SolutionProperties) = preSolution
		HideSolutionNode = FALSE
	EndGlobalSection
	GlobalSection(MonoDevelopProperties) = preSolution
		StartupItem = Assembly-CSharp.csproj
	EndGlobalSection
EndGlobal
